
Microsoft Visual Studio Solution File, Format Version 12.00
# Visual Studio 15
VisualStudioVersion = 15.0.28307.960
MinimumVisualStudioVersion = 10.0.40219.1
Project("{FAE04EC0-301F-11D3-BF4B-00C04F79EFBC}") = "CustomPlayer_Vi", "CustomPlayer_Vi\CustomPlayer_Vi.csproj", "{E40D14BC-2E2A-48AB-9328-563166799A3C}"
EndProject
Project("{FAE04EC0-301F-11D3-BF4B-00C04F79EFBC}") = "CustomPlayer", "CustomPlayer\CustomPlayer.csproj", "{AF98B5A6-9EE1-4B00-AC8A-66DBBFD620DA}"
EndProject
Global
	GlobalSection(SolutionConfigurationPlatforms) = preSolution
		Debug|Any CPU = Debug|Any CPU
		Debug|x64 = Debug|x64
		Release|Any CPU = Release|Any CPU
		Release|x64 = Release|x64
	EndGlobalSection
	GlobalSection(ProjectConfigurationPlatforms) = postSolution
		{E40D14BC-2E2A-48AB-9328-563166799A3C}.Debug|Any CPU.ActiveCfg = Debug|x64
		{E40D14BC-2E2A-48AB-9328-563166799A3C}.Debug|Any CPU.Build.0 = Debug|x64
		{E40D14BC-2E2A-48AB-9328-563166799A3C}.Debug|x64.ActiveCfg = Debug|x64
		{E40D14BC-2E2A-48AB-9328-563166799A3C}.Debug|x64.Build.0 = Debug|x64
		{E40D14BC-2E2A-48AB-9328-563166799A3C}.Release|Any CPU.ActiveCfg = Release|Any CPU
		{E40D14BC-2E2A-48AB-9328-563166799A3C}.Release|Any CPU.Build.0 = Release|Any CPU
		{E40D14BC-2E2A-48AB-9328-563166799A3C}.Release|x64.ActiveCfg = Release|x64
		{E40D14BC-2E2A-48AB-9328-563166799A3C}.Release|x64.Build.0 = Release|x64
		{AF98B5A6-9EE1-4B00-AC8A-66DBBFD620DA}.Debug|Any CPU.ActiveCfg = Debug|Any CPU
		{AF98B5A6-9EE1-4B00-AC8A-66DBBFD620DA}.Debug|Any CPU.Build.0 = Debug|Any CPU
		{AF98B5A6-9EE1-4B00-AC8A-66DBBFD620DA}.Debug|x64.ActiveCfg = Debug|Any CPU
		{AF98B5A6-9EE1-4B00-AC8A-66DBBFD620DA}.Debug|x64.Build.0 = Debug|Any CPU
		{AF98B5A6-9EE1-4B00-AC8A-66DBBFD620DA}.Release|Any CPU.ActiveCfg = Release|Any CPU
		{AF98B5A6-9EE1-4B00-AC8A-66DBBFD620DA}.Release|Any CPU.Build.0 = Release|Any CPU
		{AF98B5A6-9EE1-4B00-AC8A-66DBBFD620DA}.Release|x64.ActiveCfg = Release|x64
		{AF98B5A6-9EE1-4B00-AC8A-66DBBFD620DA}.Release|x64.Build.0 = Release|x64
	EndGlobalSection
	GlobalSection(SolutionProperties) = preSolution
		HideSolutionNode = FALSE
	EndGlobalSection
	GlobalSection(ExtensibilityGlobals) = postSolution
		SolutionGuid = {96A8E94C-190E-45E6-8313-3122F7DE5884}
	EndGlobalSection
EndGlobal
